
Microsoft Visual Studio Solution File, Format Version 12.00
# Visual Studio Version 17
VisualStudioVersion = 17.8.34511.84
MinimumVisualStudioVersion = 10.0.40219.1
Project("{9A19103F-16F7-4668-BE54-9A1E7A4F7556}") = "Geometry", "Geometry\Geometry.csproj", "{0E9BD9F7-DB19-427B-B83C-362D3241CD63}"
EndProject
Project("{9A19103F-16F7-4668-BE54-9A1E7A4F7556}") = "Utilities", "Utilities\Utilities.csproj", "{6F4D9EC4-C48C-427B-A4CB-0EEF4A6C24C3}"
EndProject
Project("{9A19103F-16F7-4668-BE54-9A1E7A4F7556}") = "UtilitiesTest", "UtilitiesTest\UtilitiesTest.csproj", "{E6CBF7AF-45B6-4375-AF12-8A00CBE9A2E6}"
EndProject
Project("{9A19103F-16F7-4668-BE54-9A1E7A4F7556}") = "ExpensesManager", "ExpensesManager\ExpensesManager.csproj", "{9BCC1836-ABC4-4BB2-81DE-031D359D0074}"
EndProject
Project("{9A19103F-16F7-4668-BE54-9A1E7A4F7556}") = "FileReadTest", "FileReadTest\FileReadTest.csproj", "{F51651ED-B129-45CF-AD9D-42368884B14D}"
EndProject
Project("{9A19103F-16F7-4668-BE54-9A1E7A4F7556}") = "ConvertTest", "ConvertTest\ConvertTest.csproj", "{990D2E54-E472-45BB-A553-D38D1EB35FFC}"
EndProject
Project("{FAE04EC0-301F-11D3-BF4B-00C04F79EFBC}") = "ConsoleApp1", "ConsoleApp1\ConsoleApp1.csproj", "{0D4A9703-C72C-464D-BE73-18E0D12D17ED}"
EndProject
Global
	GlobalSection(SolutionConfigurationPlatforms) = preSolution
		Debug|Any CPU = Debug|Any CPU
		Release|Any CPU = Release|Any CPU
	EndGlobalSection
	GlobalSection(ProjectConfigurationPlatforms) = postSolution
		{0E9BD9F7-DB19-427B-B83C-362D3241CD63}.Debug|Any CPU.ActiveCfg = Debug|Any CPU
		{0E9BD9F7-DB19-427B-B83C-362D3241CD63}.Debug|Any CPU.Build.0 = Debug|Any CPU
		{0E9BD9F7-DB19-427B-B83C-362D3241CD63}.Release|Any CPU.ActiveCfg = Release|Any CPU
		{0E9BD9F7-DB19-427B-B83C-362D3241CD63}.Release|Any CPU.Build.0 = Release|Any CPU
		{6F4D9EC4-C48C-427B-A4CB-0EEF4A6C24C3}.Debug|Any CPU.ActiveCfg = Debug|Any CPU
		{6F4D9EC4-C48C-427B-A4CB-0EEF4A6C24C3}.Debug|Any CPU.Build.0 = Debug|Any CPU
		{6F4D9EC4-C48C-427B-A4CB-0EEF4A6C24C3}.Release|Any CPU.ActiveCfg = Release|Any CPU
		{6F4D9EC4-C48C-427B-A4CB-0EEF4A6C24C3}.Release|Any CPU.Build.0 = Release|Any CPU
		{E6CBF7AF-45B6-4375-AF12-8A00CBE9A2E6}.Debug|Any CPU.ActiveCfg = Debug|Any CPU
		{E6CBF7AF-45B6-4375-AF12-8A00CBE9A2E6}.Debug|Any CPU.Build.0 = Debug|Any CPU
		{E6CBF7AF-45B6-4375-AF12-8A00CBE9A2E6}.Release|Any CPU.ActiveCfg = Release|Any CPU
		{E6CBF7AF-45B6-4375-AF12-8A00CBE9A2E6}.Release|Any CPU.Build.0 = Release|Any CPU
		{9BCC1836-ABC4-4BB2-81DE-031D359D0074}.Debug|Any CPU.ActiveCfg = Debug|Any CPU
		{9BCC1836-ABC4-4BB2-81DE-031D359D0074}.Debug|Any CPU.Build.0 = Debug|Any CPU
		{9BCC1836-ABC4-4BB2-81DE-031D359D0074}.Release|Any CPU.ActiveCfg = Release|Any CPU
		{9BCC1836-ABC4-4BB2-81DE-031D359D0074}.Release|Any CPU.Build.0 = Release|Any CPU
		{F51651ED-B129-45CF-AD9D-42368884B14D}.Debug|Any CPU.ActiveCfg = Debug|Any CPU
		{F51651ED-B129-45CF-AD9D-42368884B14D}.Debug|Any CPU.Build.0 = Debug|Any CPU
		{F51651ED-B129-45CF-AD9D-42368884B14D}.Release|Any CPU.ActiveCfg = Release|Any CPU
		{F51651ED-B129-45CF-AD9D-42368884B14D}.Release|Any CPU.Build.0 = Release|Any CPU
		{990D2E54-E472-45BB-A553-D38D1EB35FFC}.Debug|Any CPU.ActiveCfg = Debug|Any CPU
		{990D2E54-E472-45BB-A553-D38D1EB35FFC}.Debug|Any CPU.Build.0 = Debug|Any CPU
		{990D2E54-E472-45BB-A553-D38D1EB35FFC}.Release|Any CPU.ActiveCfg = Release|Any CPU
		{990D2E54-E472-45BB-A553-D38D1EB35FFC}.Release|Any CPU.Build.0 = Release|Any CPU
		{0D4A9703-C72C-464D-BE73-18E0D12D17ED}.Debug|Any CPU.ActiveCfg = Debug|Any CPU
		{0D4A9703-C72C-464D-BE73-18E0D12D17ED}.Debug|Any CPU.Build.0 = Debug|Any CPU
		{0D4A9703-C72C-464D-BE73-18E0D12D17ED}.Release|Any CPU.ActiveCfg = Release|Any CPU
		{0D4A9703-C72C-464D-BE73-18E0D12D17ED}.Release|Any CPU.Build.0 = Release|Any CPU
	EndGlobalSection
	GlobalSection(SolutionProperties) = preSolution
		HideSolutionNode = FALSE
	EndGlobalSection
	GlobalSection(ExtensibilityGlobals) = postSolution
		SolutionGuid = {A9520E6A-1D0D-46BA-AC9E-AFBBD8BCA734}
	EndGlobalSection
EndGlobal
